
Microsoft Visual Studio Solution File, Format Version 12.00
# Visual Studio Version 17
VisualStudioVersion = 17.4.33205.214
MinimumVisualStudioVersion = 10.0.40219.1
Project("{9A19103F-16F7-4668-BE54-9A1E7A4F7556}") = "Trainer", "Trainer.csproj", "{B3CA4F29-6CD9-4DE7-B7BB-7D1358AA70B7}"
EndProject
Project("{9A19103F-16F7-4668-BE54-9A1E7A4F7556}") = "Data", "..\Data\Data.csproj", "{57AC9D6C-C404-4F4D-B979-4A5A72969586}"
EndProject
Project("{2150E333-8FDC-42A3-9474-1A3956D46DE8}") = "Solution Items", "Solution Items", "{64FFBC09-51D7-48CF-A8C2-0D39CABEFA88}"
EndProject
Project("{9A19103F-16F7-4668-BE54-9A1E7A4F7556}") = "Data_EF", "..\Data_EF\Data_EF.csproj", "{96BD396A-E96A-4CBE-9B5D-52E5D5068FF3}"
EndProject
Project("{9A19103F-16F7-4668-BE54-9A1E7A4F7556}") = "Bussiness", "..\Bussiness\Bussiness.csproj", "{6FE762C4-22C9-4A9D-943A-3CA010DE7A5D}"
EndProject
Project("{9A19103F-16F7-4668-BE54-9A1E7A4F7556}") = "Model", "..\Model\Model.csproj", "{04585C47-3F3E-4D9E-9E79-8C1551030DAD}"
EndProject
Project("{FAE04EC0-301F-11D3-BF4B-00C04F79EFBC}") = "FluentAPI", "..\FluentAPI\FluentAPI.csproj", "{873EED69-351F-4126-A0F8-20419BBA3394}"
EndProject
Global
	GlobalSection(SolutionConfigurationPlatforms) = preSolution
		Debug|Any CPU = Debug|Any CPU
		Release|Any CPU = Release|Any CPU
	EndGlobalSection
	GlobalSection(ProjectConfigurationPlatforms) = postSolution
		{B3CA4F29-6CD9-4DE7-B7BB-7D1358AA70B7}.Debug|Any CPU.ActiveCfg = Debug|Any CPU
		{B3CA4F29-6CD9-4DE7-B7BB-7D1358AA70B7}.Debug|Any CPU.Build.0 = Debug|Any CPU
		{B3CA4F29-6CD9-4DE7-B7BB-7D1358AA70B7}.Release|Any CPU.ActiveCfg = Release|Any CPU
		{B3CA4F29-6CD9-4DE7-B7BB-7D1358AA70B7}.Release|Any CPU.Build.0 = Release|Any CPU
		{57AC9D6C-C404-4F4D-B979-4A5A72969586}.Debug|Any CPU.ActiveCfg = Debug|Any CPU
		{57AC9D6C-C404-4F4D-B979-4A5A72969586}.Debug|Any CPU.Build.0 = Debug|Any CPU
		{57AC9D6C-C404-4F4D-B979-4A5A72969586}.Release|Any CPU.ActiveCfg = Release|Any CPU
		{57AC9D6C-C404-4F4D-B979-4A5A72969586}.Release|Any CPU.Build.0 = Release|Any CPU
		{96BD396A-E96A-4CBE-9B5D-52E5D5068FF3}.Debug|Any CPU.ActiveCfg = Debug|Any CPU
		{96BD396A-E96A-4CBE-9B5D-52E5D5068FF3}.Debug|Any CPU.Build.0 = Debug|Any CPU
		{96BD396A-E96A-4CBE-9B5D-52E5D5068FF3}.Release|Any CPU.ActiveCfg = Release|Any CPU
		{96BD396A-E96A-4CBE-9B5D-52E5D5068FF3}.Release|Any CPU.Build.0 = Release|Any CPU
		{6FE762C4-22C9-4A9D-943A-3CA010DE7A5D}.Debug|Any CPU.ActiveCfg = Debug|Any CPU
		{6FE762C4-22C9-4A9D-943A-3CA010DE7A5D}.Debug|Any CPU.Build.0 = Debug|Any CPU
		{6FE762C4-22C9-4A9D-943A-3CA010DE7A5D}.Release|Any CPU.ActiveCfg = Release|Any CPU
		{6FE762C4-22C9-4A9D-943A-3CA010DE7A5D}.Release|Any CPU.Build.0 = Release|Any CPU
		{04585C47-3F3E-4D9E-9E79-8C1551030DAD}.Debug|Any CPU.ActiveCfg = Debug|Any CPU
		{04585C47-3F3E-4D9E-9E79-8C1551030DAD}.Debug|Any CPU.Build.0 = Debug|Any CPU
		{04585C47-3F3E-4D9E-9E79-8C1551030DAD}.Release|Any CPU.ActiveCfg = Release|Any CPU
		{04585C47-3F3E-4D9E-9E79-8C1551030DAD}.Release|Any CPU.Build.0 = Release|Any CPU
		{873EED69-351F-4126-A0F8-20419BBA3394}.Debug|Any CPU.ActiveCfg = Debug|Any CPU
		{873EED69-351F-4126-A0F8-20419BBA3394}.Debug|Any CPU.Build.0 = Debug|Any CPU
		{873EED69-351F-4126-A0F8-20419BBA3394}.Release|Any CPU.ActiveCfg = Release|Any CPU
		{873EED69-351F-4126-A0F8-20419BBA3394}.Release|Any CPU.Build.0 = Release|Any CPU
	EndGlobalSection
	GlobalSection(SolutionProperties) = preSolution
		HideSolutionNode = FALSE
	EndGlobalSection
	GlobalSection(ExtensibilityGlobals) = postSolution
		SolutionGuid = {C0E9BFB7-D86B-4C67-B853-D0F8433B429A}
	EndGlobalSection
EndGlobal
